
Microsoft Visual Studio Solution File, Format Version 12.00
# Visual Studio Version 16
VisualStudioVersion = 16.0.29613.14
MinimumVisualStudioVersion = 10.0.40219.1
Project("{FAE04EC0-301F-11D3-BF4B-00C04F79EFBC}") = "BootStrap", "BootStrap.csproj", "{49687FE3-D8C7-4CD2-9943-BBA8D71CA3D3}"
EndProject
Global
	GlobalSection(SolutionConfigurationPlatforms) = preSolution
		Debug|Any CPU = Debug|Any CPU
		Release|Any CPU = Release|Any CPU
	EndGlobalSection
	GlobalSection(ProjectConfigurationPlatforms) = postSolution
		{49687FE3-D8C7-4CD2-9943-BBA8D71CA3D3}.Debug|Any CPU.ActiveCfg = Debug|Any CPU
		{49687FE3-D8C7-4CD2-9943-BBA8D71CA3D3}.Debug|Any CPU.Build.0 = Debug|Any CPU
		{49687FE3-D8C7-4CD2-9943-BBA8D71CA3D3}.Release|Any CPU.ActiveCfg = Release|Any CPU
		{49687FE3-D8C7-4CD2-9943-BBA8D71CA3D3}.Release|Any CPU.Build.0 = Release|Any CPU
	EndGlobalSection
	GlobalSection(SolutionProperties) = preSolution
		HideSolutionNode = FALSE
	EndGlobalSection
	GlobalSection(ExtensibilityGlobals) = postSolution
		SolutionGuid = {F4F6A6E9-4389-4555-B6F8-97361B047B25}
	EndGlobalSection
EndGlobal
